
Microsoft Visual Studio Solution File, Format Version 12.00
# Visual Studio Version 17
VisualStudioVersion = 17.9.34728.123
MinimumVisualStudioVersion = 10.0.40219.1
Project("{D2ABAB84-BF74-430A-B69E-9DC6D40DDA17}") = "call_masterDW", "call_masterDW.dwproj", "{10207D13-A3A6-44A2-975E-40579A7A3962}"
EndProject
Global
	GlobalSection(SolutionConfigurationPlatforms) = preSolution
		Development|Default = Development|Default
	EndGlobalSection
	GlobalSection(ProjectConfigurationPlatforms) = postSolution
		{10207D13-A3A6-44A2-975E-40579A7A3962}.Development|Default.ActiveCfg = Development
		{10207D13-A3A6-44A2-975E-40579A7A3962}.Development|Default.Build.0 = Development
		{10207D13-A3A6-44A2-975E-40579A7A3962}.Development|Default.Deploy.0 = Development
	EndGlobalSection
	GlobalSection(SolutionProperties) = preSolution
		HideSolutionNode = FALSE
	EndGlobalSection
	GlobalSection(ExtensibilityGlobals) = postSolution
		SolutionGuid = {C5438697-DFEA-44F9-96C1-BD16C1931236}
	EndGlobalSection
EndGlobal
